
Microsoft Visual Studio Solution File, Format Version 12.00
# Visual Studio Version 16
VisualStudioVersion = 16.0.31605.320
MinimumVisualStudioVersion = 10.0.40219.1
Project("{FAE04EC0-301F-11D3-BF4B-00C04F79EFBC}") = "GlowESP", "GlowESP\GlowESP.csproj", "{280BA076-6387-4EED-B19C-0519C8FC3D74}"
EndProject
Global
	GlobalSection(SolutionConfigurationPlatforms) = preSolution
		Debug|Any CPU = Debug|Any CPU
		Release|Any CPU = Release|Any CPU
	EndGlobalSection
	GlobalSection(ProjectConfigurationPlatforms) = postSolution
		{280BA076-6387-4EED-B19C-0519C8FC3D74}.Debug|Any CPU.ActiveCfg = Debug|Any CPU
		{280BA076-6387-4EED-B19C-0519C8FC3D74}.Debug|Any CPU.Build.0 = Debug|Any CPU
		{280BA076-6387-4EED-B19C-0519C8FC3D74}.Release|Any CPU.ActiveCfg = Release|Any CPU
		{280BA076-6387-4EED-B19C-0519C8FC3D74}.Release|Any CPU.Build.0 = Release|Any CPU
	EndGlobalSection
	GlobalSection(SolutionProperties) = preSolution
		HideSolutionNode = FALSE
	EndGlobalSection
	GlobalSection(ExtensibilityGlobals) = postSolution
		SolutionGuid = {183C6A15-4465-4017-8E56-5F7B7B114A18}
	EndGlobalSection
EndGlobal
